
Microsoft Visual Studio Solution File, Format Version 12.00
# Visual Studio Version 17
VisualStudioVersion = 17.14.36121.58 d17.14
MinimumVisualStudioVersion = 10.0.40219.1
Project("{FAE04EC0-301F-11D3-BF4B-00C04F79EFBC}") = "ticomarkenet", "ticomarkenet\ticomarkenet.csproj", "{DDF3825C-04DF-40D2-8D12-1DF263E2D26F}"
EndProject
Global
	GlobalSection(SolutionConfigurationPlatforms) = preSolution
		Debug|Any CPU = Debug|Any CPU
		Release|Any CPU = Release|Any CPU
	EndGlobalSection
	GlobalSection(ProjectConfigurationPlatforms) = postSolution
		{DDF3825C-04DF-40D2-8D12-1DF263E2D26F}.Debug|Any CPU.ActiveCfg = Debug|Any CPU
		{DDF3825C-04DF-40D2-8D12-1DF263E2D26F}.Debug|Any CPU.Build.0 = Debug|Any CPU
		{DDF3825C-04DF-40D2-8D12-1DF263E2D26F}.Release|Any CPU.ActiveCfg = Release|Any CPU
		{DDF3825C-04DF-40D2-8D12-1DF263E2D26F}.Release|Any CPU.Build.0 = Release|Any CPU
	EndGlobalSection
	GlobalSection(SolutionProperties) = preSolution
		HideSolutionNode = FALSE
	EndGlobalSection
	GlobalSection(ExtensibilityGlobals) = postSolution
		SolutionGuid = {D3998D2B-AF60-4C27-81EE-62D62BFFCABC}
	EndGlobalSection
EndGlobal
